PODS:
  - 1PasswordExtension (1.6.1)
  - Alamofire (4.2.0)
  - Analytics (3.6.7)
  - CocoaLumberjack (2.4.0):
    - CocoaLumberjack/Default (= 2.4.0)
    - CocoaLumberjack/Extensions (= 2.4.0)
  - CocoaLumberjack/Core (2.4.0)
  - CocoaLumberjack/Default (2.4.0):
    - CocoaLumberjack/Core
  - CocoaLumberjack/Extensions (2.4.0):
    - CocoaLumberjack/Default
  - Crashlytics (3.8.3):
    - Fabric (~> 1.6.3)
  - CRToast (0.0.7)
  - DeltaCalculator (1.0.4)
  - ElloCerts (3.0.0):
    - Alamofire (~> 4.0)
  - ElloUIFonts (2.2.0)
  - Fabric (1.6.11)
  - FBSnapshotTestCase (2.1.4):
    - FBSnapshotTestCase/SwiftSupport (= 2.1.4)
  - FBSnapshotTestCase/Core (2.1.4)
  - FBSnapshotTestCase/SwiftSupport (2.1.4):
    - FBSnapshotTestCase/Core
  - FLAnimatedImage (1.0.12)
  - ImagePickerSheetController (0.9.3)
  - iRate (1.11.7)
  - JWTDecode (2.0.0)
  - KeychainAccess (3.0.1)
  - Keys (1.0.0)
  - KINWebBrowser (1.1.0)
  - MBProgressHUD (0.9.2)
  - Moya (8.0.3):
    - Moya/Core (= 8.0.3)
  - Moya/Core (8.0.3):
    - Alamofire (~> 4.1)
    - Result (~> 3.0)
  - Nimble (7.0.2)
  - Nimble-Snapshots (4.4.0):
    - Nimble-Snapshots/Core (= 4.4.0)
  - Nimble-Snapshots/Core (4.4.0):
    - FBSnapshotTestCase (~> 2.0)
    - Nimble
    - Quick
  - PINCache (3.0.1-beta.4):
    - PINCache/Arc-exception-safe (= 3.0.1-beta.4)
    - PINCache/Core (= 3.0.1-beta.4)
  - PINCache/Arc-exception-safe (3.0.1-beta.4):
    - PINCache/Core
  - PINCache/Core (3.0.1-beta.4):
    - PINOperation (= 1.0.3)
  - PINOperation (1.0.3)
  - PINRemoteImage (3.0.0-beta.8):
    - PINRemoteImage/FLAnimatedImage (= 3.0.0-beta.8)
    - PINRemoteImage/PINCache (= 3.0.0-beta.8)
  - PINRemoteImage/Core (3.0.0-beta.8)
  - PINRemoteImage/FLAnimatedImage (3.0.0-beta.8):
    - FLAnimatedImage (>= 1.0)
    - PINRemoteImage/Core
  - PINRemoteImage/PINCache (3.0.0-beta.8):
    - PINCache (= 3.0.1-beta.4)
    - PINRemoteImage/Core
  - PromiseKit (4.1.7):
    - PromiseKit/Foundation (= 4.1.7)
    - PromiseKit/QuartzCore (= 4.1.7)
    - PromiseKit/UIKit (= 4.1.7)
  - PromiseKit/CorePromise (4.1.7)
  - PromiseKit/Foundation (4.1.7):
    - PromiseKit/CorePromise
  - PromiseKit/QuartzCore (4.1.7):
    - PromiseKit/CorePromise
  - PromiseKit/UIKit (4.1.7):
    - PromiseKit/CorePromise
  - Quick (1.2.0)
  - Result (3.2.1)
  - SnapKit (3.1.2)
  - SSPullToRefresh (1.2.4)
  - SVGKit (2.0.1):
    - CocoaLumberjack (~> 2.x)
  - SwiftyJSON (3.1.4)
  - SwiftyUserDefaults (3.0.0)
  - TimeAgoInWords (3.0.0)
  - WebLinking (1.1.0)
  - YapDatabase (2.8.1):
    - YapDatabase/Standard (= 2.8.1)
  - YapDatabase/Standard (2.8.1):
    - YapDatabase/Standard/Core (= 2.8.1)
    - YapDatabase/Standard/Extensions (= 2.8.1)
  - YapDatabase/Standard/Core (2.8.1):
    - CocoaLumberjack (~> 2)
  - YapDatabase/Standard/Extensions (2.8.1):
    - YapDatabase/Standard/Core
    - YapDatabase/Standard/Extensions/CloudKit (= 2.8.1)
    - YapDatabase/Standard/Extensions/ConnectionProxy (= 2.8.1)
    - YapDatabase/Standard/Extensions/FilteredViews (= 2.8.1)
    - YapDatabase/Standard/Extensions/FullTextSearch (= 2.8.1)
    - YapDatabase/Standard/Extensions/Hooks (= 2.8.1)
    - YapDatabase/Standard/Extensions/Relationships (= 2.8.1)
    - YapDatabase/Standard/Extensions/RTreeIndex (= 2.8.1)
    - YapDatabase/Standard/Extensions/SearchResults (= 2.8.1)
    - YapDatabase/Standard/Extensions/SecondaryIndex (= 2.8.1)
    - YapDatabase/Standard/Extensions/SecondaryIndex (= 2.8.1)
    - YapDatabase/Standard/Extensions/Views (= 2.8.1)
  - YapDatabase/Standard/Extensions/CloudKit (2.8.1):
    - YapDatabase/Standard/Core
  - YapDatabase/Standard/Extensions/ConnectionProxy (2.8.1):
    - YapDatabase/Standard/Core
  - YapDatabase/Standard/Extensions/FilteredViews (2.8.1):
    - YapDatabase/Standard/Core
    - YapDatabase/Standard/Extensions/Views
  - YapDatabase/Standard/Extensions/FullTextSearch (2.8.1):
    - YapDatabase/Standard/Core
  - YapDatabase/Standard/Extensions/Hooks (2.8.1):
    - YapDatabase/Standard/Core
  - YapDatabase/Standard/Extensions/Relationships (2.8.1):
    - YapDatabase/Standard/Core
  - YapDatabase/Standard/Extensions/RTreeIndex (2.8.1):
    - YapDatabase/Standard/Core
  - YapDatabase/Standard/Extensions/SearchResults (2.8.1):
    - YapDatabase/Standard/Core
    - YapDatabase/Standard/Extensions/FullTextSearch
    - YapDatabase/Standard/Extensions/Views
  - YapDatabase/Standard/Extensions/SecondaryIndex (2.8.1):
    - YapDatabase/Standard/Core
  - YapDatabase/Standard/Extensions/Views (2.8.1):
    - YapDatabase/Standard/Core

DEPENDENCIES:
  - 1PasswordExtension (from `https://github.com/ello/onepassword-app-extension`)
  - Alamofire (~> 4.0)
  - Analytics (~> 3.0)
  - Crashlytics (~> 3.4)
  - CRToast (from `https://github.com/ello/CRToast`)
  - DeltaCalculator (from `https://github.com/ello/DeltaCalculator`)
  - ElloCerts (from `git@github.com:ello/Ello-iOS-Certs`)
  - ElloUIFonts (from `git@github.com:ello/ElloUIFonts`)
  - Fabric (~> 1.6)
  - FBSnapshotTestCase
  - FLAnimatedImage (~> 1.0)
  - ImagePickerSheetController (from `https://github.com/ello/ImagePickerSheetController`, branch `swift3`)
  - iRate (~> 1.11)
  - JWTDecode (~> 2.0)
  - KeychainAccess (~> 3.0)
  - Keys (from `Pods/CocoaPodsKeys`)
  - KINWebBrowser (from `https://github.com/ello/KINWebBrowser`)
  - MBProgressHUD (~> 0.9.0)
  - Moya (= 8.0.3)
  - Nimble (~> 7.0)
  - Nimble-Snapshots (~> 4.4)
  - PINCache (from `https://github.com/ello/PINCache`, commit `78c3461`)
  - PINRemoteImage (= 3.0.0-beta.8)
  - PromiseKit
  - Quick (~> 1.0)
  - SnapKit (from `https://github.com/ello/SnapKit`)
  - SSPullToRefresh (~> 1.2)
  - SVGKit (from `https://github.com/ello/SVGKit`)
  - SwiftyJSON (~> 3.1)
  - SwiftyUserDefaults (~> 3.0)
  - TimeAgoInWords (from `https://github.com/ello/TimeAgoInWords`)
  - WebLinking (from `https://github.com/kylef/WebLinking.swift`)
  - YapDatabase (= 2.8.1)

EXTERNAL SOURCES:
  1PasswordExtension:
    :git: https://github.com/ello/onepassword-app-extension
  CRToast:
    :git: https://github.com/ello/CRToast
  DeltaCalculator:
    :git: https://github.com/ello/DeltaCalculator
  ElloCerts:
    :git: git@github.com:ello/Ello-iOS-Certs
  ElloUIFonts:
    :git: git@github.com:ello/ElloUIFonts
  ImagePickerSheetController:
    :branch: swift3
    :git: https://github.com/ello/ImagePickerSheetController
  Keys:
    :path: Pods/CocoaPodsKeys
  KINWebBrowser:
    :git: https://github.com/ello/KINWebBrowser
  PINCache:
    :commit: 78c3461
    :git: https://github.com/ello/PINCache
  SnapKit:
    :git: https://github.com/ello/SnapKit
  SVGKit:
    :git: https://github.com/ello/SVGKit
  TimeAgoInWords:
    :git: https://github.com/ello/TimeAgoInWords
  WebLinking:
    :git: https://github.com/kylef/WebLinking.swift

CHECKOUT OPTIONS:
  1PasswordExtension:
    :commit: 2e2c2d17561991c6bce85de4b04571c8806adc0e
    :git: https://github.com/ello/onepassword-app-extension
  CRToast:
    :commit: c84bf5ff9ee16b99e45f3bf25bb5db9c386fa728
    :git: https://github.com/ello/CRToast
  DeltaCalculator:
    :commit: d384bca310305e0d000768b558cc128dec0a4aa5
    :git: https://github.com/ello/DeltaCalculator
  ElloCerts:
    :commit: 26b6b863d9529ee2d8db4e8de26affe44e0f7c67
    :git: git@github.com:ello/Ello-iOS-Certs
  ElloUIFonts:
    :commit: 3e9d77e88ebfb869be8f51f6f93555a7840c1969
    :git: git@github.com:ello/ElloUIFonts
  ImagePickerSheetController:
    :commit: 18e8d063a15c9d081d510f82ba25b46edfda7e28
    :git: https://github.com/ello/ImagePickerSheetController
  KINWebBrowser:
    :commit: bcf29fd0beb6afb1c28a236306ad0fa1b8677bf3
    :git: https://github.com/ello/KINWebBrowser
  PINCache:
    :commit: 78c3461
    :git: https://github.com/ello/PINCache
  SnapKit:
    :commit: ab6c1fd91f2f598f34e29fcf8dd2eea5500daac9
    :git: https://github.com/ello/SnapKit
  SVGKit:
    :commit: 6160bbdfd0a8924b5e57b13c462db6a0944c8966
    :git: https://github.com/ello/SVGKit
  TimeAgoInWords:
    :commit: d1e1dc78028612f8c65d6a967c8fab3ffec516c1
    :git: https://github.com/ello/TimeAgoInWords
  WebLinking:
    :commit: fddbacc30deab8afe12ce1d3b78bd27c593a0c29
    :git: https://github.com/kylef/WebLinking.swift

SPEC CHECKSUMS:
  1PasswordExtension: faed6b7ab3f1e26551b08fef580c88bff0d0f247
  Alamofire: aa2e09d871c9160ac53c90e83c68064a94e3dfbe
  Analytics: 2c09a50e3478a3a7ced08a22d00c43ba6f7011e6
  CocoaLumberjack: aa9dcab71bdf9eaf2a63bbd9ddc87863efe45457
  Crashlytics: 2b6dbe138a42395577cfa73dfa1aa7248cadf39e
  CRToast: eb22641501990233c53cb8f83f7d2ea87e0ddf73
  DeltaCalculator: 97ea120ac2ebcf55e472d7ba872c8bc79c138454
  ElloCerts: 7c27117e2281761c81acf31b81a44a38869220c2
  ElloUIFonts: 74434eb284b5938d0f58b42a16af5d706626d99b
  Fabric: 5911403591946b8228ab1c51d98f1d7137e863c6
  FBSnapshotTestCase: 094f9f314decbabe373b87cc339bea235a63e07a
  FLAnimatedImage: 4a0b56255d9b05f18b6dd7ee06871be5d3b89e31
  ImagePickerSheetController: 4789b06940e299431455c61be77fda440883c36c
  iRate: adae3f183d83c925ac42d7a2e86e89e838963f57
  JWTDecode: 178e47e5d28d3abcff778bacced8342858cd6cb5
  KeychainAccess: 017ea25e313a49eda10bb19b0bb0760fb1edfe1a
  Keys: 9c35bf00f612ee1d48556f4a4b9b4551e224e90f
  KINWebBrowser: dad85d7d93e6f4620a8589b96992394affffa66e
  MBProgressHUD: 1569cf7ace17a8bac47aabfbb8580a49690386d1
  Moya: d3721622e3cc0cc2f038d69a258686f0b66e7252
  Nimble: bfe1f814edabba69ff145cb1283e04ed636a67f2
  Nimble-Snapshots: e743439f26c2fa99d8f7e0d7c01c99bcb40aa6f2
  PINCache: a89c8f609232afac77128557bd12c861844423d7
  PINOperation: ac23db44796d4a564ecf9b5ea7163510f579b71d
  PINRemoteImage: c4f9f16932840c597f32e69dd288e10e111a1929
  PromiseKit: 779f2e41faf62d854e7593026ddbcb0bb5c5002d
  Quick: 58d203b1c5e27fff7229c4c1ae445ad7069a7a08
  Result: 2453a22e5c5b11c0c3a478736e82cd02f763b781
  SnapKit: 66bf0e9c5e02fdb6d2a549adb845ab4440d3ccfe
  SSPullToRefresh: 369e862c1d6528c7a354fc85cd4763d4e670e9af
  SVGKit: 2afbeaf2c2be4615476951284750c3ddb790d0c7
  SwiftyJSON: c2842d878f95482ffceec5709abc3d05680c0220
  SwiftyUserDefaults: 0f1d45fc3aafb9064dac661e367f8f83fe21a4b4
  TimeAgoInWords: 85c5f962523d61f7ca34d3b83c70afb28cd257e2
  WebLinking: 3f71787c14a225148e8be29fe6e7c98597cbc459
  YapDatabase: 861c720d5850a59f9e5c0bad0fd95334012b9dc9

PODFILE CHECKSUM: e1bbd29c4876b529b246c36ff9abb1e9ebdcb799

COCOAPODS: 1.1.1
