PODS:
  - 1PasswordExtension (1.6.1)
  - Alamofire (3.5.0)
  - Analytics/Core-iOS (2.0.17):
    - TRVSDictionaryWithCaseInsensitivity (= 0.0.2)
  - Analytics/Segmentio (2.0.17):
    - Analytics/Core-iOS
  - CocoaLumberjack (2.3.0):
    - CocoaLumberjack/Default (= 2.3.0)
    - CocoaLumberjack/Extensions (= 2.3.0)
  - CocoaLumberjack/Core (2.3.0)
  - CocoaLumberjack/Default (2.3.0):
    - CocoaLumberjack/Core
  - CocoaLumberjack/Extensions (2.3.0):
    - CocoaLumberjack/Default
  - Crashlytics (3.8.1):
    - Fabric (~> 1.6.3)
  - CRToast (0.0.7)
  - DeltaCalculator (1.0.4)
  - ElloCerts (1.2.0):
    - Alamofire (~> 3.0)
  - ElloUIFonts (1.2.0)
  - Fabric (1.6.8)
  - FBSnapshotTestCase (2.1.2):
    - FBSnapshotTestCase/SwiftSupport (= 2.1.2)
  - FBSnapshotTestCase/Core (2.1.2)
  - FBSnapshotTestCase/SwiftSupport (2.1.2):
    - FBSnapshotTestCase/Core
  - FLAnimatedImage (1.0.12)
  - FutureKit (2.0.0)
  - ImagePickerSheetController (0.9.1)
  - iRate (1.11.6)
  - JTSImageViewController (1.5)
  - KeychainAccess (2.4.0)
  - Keys (1.0.0)
  - KINWebBrowser (1.1.0)
  - MBProgressHUD (0.9.2)
  - Moya (7.0.2):
    - Moya/Core (= 7.0.2)
  - Moya/Core (7.0.2):
    - Alamofire (~> 3.5)
    - Result (~> 2.0)
  - Nimble (4.1.0)
  - Nimble-Snapshots (4.1.0):
    - FBSnapshotTestCase (~> 2.0)
    - Nimble
    - Quick
  - OHHTTPStubs (4.8.0):
    - OHHTTPStubs/Default (= 4.8.0)
  - OHHTTPStubs/Core (4.8.0)
  - OHHTTPStubs/Default (4.8.0):
    - OHHTTPStubs/Core
    - OHHTTPStubs/JSON
    - OHHTTPStubs/NSURLSession
    - OHHTTPStubs/OHPathHelpers
  - OHHTTPStubs/JSON (4.8.0):
    - OHHTTPStubs/Core
  - OHHTTPStubs/NSURLSession (4.8.0):
    - OHHTTPStubs/Core
  - OHHTTPStubs/OHPathHelpers (4.8.0)
  - PINCache (2.3)
  - PINRemoteImage (1.2.3):
    - PINRemoteImage/FLAnimatedImage (= 1.2.3)
  - PINRemoteImage/Core (1.2.3):
    - PINCache (>= 2.1)
  - PINRemoteImage/FLAnimatedImage (1.2.3):
    - FLAnimatedImage (>= 1.0)
    - PINRemoteImage/Core
  - Quick (0.9.3)
  - Result (2.1.3)
  - SnapKit (0.21.1)
  - SSPullToRefresh (1.2.4)
  - SVGKit (2.0.1):
    - CocoaLumberjack (~> 2.x)
  - SwiftyJSON (3.0.0)
  - SwiftyUserDefaults (1.3.0)
  - TimeAgoInWords (2.0.1)
  - TRVSDictionaryWithCaseInsensitivity (0.0.2)
  - WebLinking (1.1.0)
  - YapDatabase (2.8.1):
    - YapDatabase/Standard (= 2.8.1)
  - YapDatabase/Standard (2.8.1):
    - YapDatabase/Standard/Core (= 2.8.1)
    - YapDatabase/Standard/Extensions (= 2.8.1)
  - YapDatabase/Standard/Core (2.8.1):
    - CocoaLumberjack (~> 2)
  - YapDatabase/Standard/Extensions (2.8.1):
    - YapDatabase/Standard/Core
    - YapDatabase/Standard/Extensions/CloudKit (= 2.8.1)
    - YapDatabase/Standard/Extensions/ConnectionProxy (= 2.8.1)
    - YapDatabase/Standard/Extensions/FilteredViews (= 2.8.1)
    - YapDatabase/Standard/Extensions/FullTextSearch (= 2.8.1)
    - YapDatabase/Standard/Extensions/Hooks (= 2.8.1)
    - YapDatabase/Standard/Extensions/Relationships (= 2.8.1)
    - YapDatabase/Standard/Extensions/RTreeIndex (= 2.8.1)
    - YapDatabase/Standard/Extensions/SearchResults (= 2.8.1)
    - YapDatabase/Standard/Extensions/SecondaryIndex (= 2.8.1)
    - YapDatabase/Standard/Extensions/SecondaryIndex (= 2.8.1)
    - YapDatabase/Standard/Extensions/Views (= 2.8.1)
  - YapDatabase/Standard/Extensions/CloudKit (2.8.1):
    - YapDatabase/Standard/Core
  - YapDatabase/Standard/Extensions/ConnectionProxy (2.8.1):
    - YapDatabase/Standard/Core
  - YapDatabase/Standard/Extensions/FilteredViews (2.8.1):
    - YapDatabase/Standard/Core
    - YapDatabase/Standard/Extensions/Views
  - YapDatabase/Standard/Extensions/FullTextSearch (2.8.1):
    - YapDatabase/Standard/Core
  - YapDatabase/Standard/Extensions/Hooks (2.8.1):
    - YapDatabase/Standard/Core
  - YapDatabase/Standard/Extensions/Relationships (2.8.1):
    - YapDatabase/Standard/Core
  - YapDatabase/Standard/Extensions/RTreeIndex (2.8.1):
    - YapDatabase/Standard/Core
  - YapDatabase/Standard/Extensions/SearchResults (2.8.1):
    - YapDatabase/Standard/Core
    - YapDatabase/Standard/Extensions/FullTextSearch
    - YapDatabase/Standard/Extensions/Views
  - YapDatabase/Standard/Extensions/SecondaryIndex (2.8.1):
    - YapDatabase/Standard/Core
  - YapDatabase/Standard/Extensions/Views (2.8.1):
    - YapDatabase/Standard/Core

DEPENDENCIES:
  - 1PasswordExtension (from `https://github.com/ello/onepassword-app-extension`)
  - Alamofire (~> 3.0)
  - Analytics/Segmentio
  - Crashlytics (~> 3.4)
  - CRToast (from `https://github.com/ello/CRToast`)
  - DeltaCalculator (~> 1.0)
  - ElloCerts (~> 1.2)
  - ElloUIFonts (~> 1.2.0)
  - Fabric (~> 1.6)
  - FBSnapshotTestCase (from `https://github.com/ello/ios-snapshot-test-case`)
  - FLAnimatedImage (~> 1.0)
  - FutureKit (~> 2.0)
  - ImagePickerSheetController (from `https://github.com/lbrndnr/ImagePickerSheetController`, branch `swift2.3-improvements`)
  - iRate (~> 1.11)
  - JTSImageViewController (from `https://github.com/ello/JTSImageViewController`)
  - KeychainAccess (~> 2.4.0)
  - Keys (from `Pods/CocoaPodsKeys`)
  - KINWebBrowser (from `https://github.com/ello/KINWebBrowser`)
  - MBProgressHUD (~> 0.9.0)
  - Moya (~> 7.0)
  - Nimble (= 4.1.0)
  - Nimble-Snapshots (from `https://github.com/ashfurrow/Nimble-Snapshots`)
  - OHHTTPStubs (~> 4.3)
  - PINRemoteImage (from `https://github.com/pinterest/PINRemoteImage.git`, commit `af312667f0ce830264198366f481f1b222675a31`)
  - Quick (~> 0.9.3)
  - SnapKit (from `https://github.com/SnapKit/SnapKit`, commit `307d03ec433d61fbb25c9c4a6bb32689537db4d6`)
  - SSPullToRefresh (~> 1.2)
  - SVGKit (from `https://github.com/SVGKit/SVGKit`)
  - SwiftyJSON (from `https://github.com/ello/SwiftyJSON`, branch `Swift-2.0`)
  - SwiftyUserDefaults (~> 1.3.0)
  - TimeAgoInWords (from `https://github.com/ello/TimeAgoInWords`)
  - WebLinking (~> 1.0)
  - YapDatabase (= 2.8.1)

EXTERNAL SOURCES:
  1PasswordExtension:
    :git: https://github.com/ello/onepassword-app-extension
  CRToast:
    :git: https://github.com/ello/CRToast
  FBSnapshotTestCase:
    :git: https://github.com/ello/ios-snapshot-test-case
  ImagePickerSheetController:
    :branch: swift2.3-improvements
    :git: https://github.com/lbrndnr/ImagePickerSheetController
  JTSImageViewController:
    :git: https://github.com/ello/JTSImageViewController
  Keys:
    :path: Pods/CocoaPodsKeys
  KINWebBrowser:
    :git: https://github.com/ello/KINWebBrowser
  Nimble-Snapshots:
    :git: https://github.com/ashfurrow/Nimble-Snapshots
  PINRemoteImage:
    :commit: af312667f0ce830264198366f481f1b222675a31
    :git: https://github.com/pinterest/PINRemoteImage.git
  SnapKit:
    :commit: 307d03ec433d61fbb25c9c4a6bb32689537db4d6
    :git: https://github.com/SnapKit/SnapKit
  SVGKit:
    :git: https://github.com/SVGKit/SVGKit
  SwiftyJSON:
    :branch: Swift-2.0
    :git: https://github.com/ello/SwiftyJSON
  TimeAgoInWords:
    :git: https://github.com/ello/TimeAgoInWords

CHECKOUT OPTIONS:
  1PasswordExtension:
    :commit: 2e2c2d17561991c6bce85de4b04571c8806adc0e
    :git: https://github.com/ello/onepassword-app-extension
  CRToast:
    :commit: c84bf5ff9ee16b99e45f3bf25bb5db9c386fa728
    :git: https://github.com/ello/CRToast
  FBSnapshotTestCase:
    :commit: 9dd0dd1ddb177adc3555df0c2dfd3b6848eaba9b
    :git: https://github.com/ello/ios-snapshot-test-case
  ImagePickerSheetController:
    :commit: 252a1228f2e9bb7302e296389f8e7232c86c2330
    :git: https://github.com/lbrndnr/ImagePickerSheetController
  JTSImageViewController:
    :commit: 4f0a918c38c7606fc5f876774cd3b96701b3f548
    :git: https://github.com/ello/JTSImageViewController
  KINWebBrowser:
    :commit: bcf29fd0beb6afb1c28a236306ad0fa1b8677bf3
    :git: https://github.com/ello/KINWebBrowser
  Nimble-Snapshots:
    :commit: 98eb1755a60e03c89a05ab7121f6a9454dca37b2
    :git: https://github.com/ashfurrow/Nimble-Snapshots
  PINRemoteImage:
    :commit: af312667f0ce830264198366f481f1b222675a31
    :git: https://github.com/pinterest/PINRemoteImage.git
  SnapKit:
    :commit: 307d03ec433d61fbb25c9c4a6bb32689537db4d6
    :git: https://github.com/SnapKit/SnapKit
  SVGKit:
    :commit: df5f4a2fad08cfdbc930c007b5c66d65a0295d6e
    :git: https://github.com/SVGKit/SVGKit
  SwiftyJSON:
    :commit: c96832365b9ba4e8fa17fad2fa67399e3ed055de
    :git: https://github.com/ello/SwiftyJSON
  TimeAgoInWords:
    :commit: 3cf3e8b3b8d76168a2324294db70790fade54925
    :git: https://github.com/ello/TimeAgoInWords

SPEC CHECKSUMS:
  1PasswordExtension: faed6b7ab3f1e26551b08fef580c88bff0d0f247
  Alamofire: b70a7352335f8ea5babd0a923eb7e8eacc67b877
  Analytics: 51d6163cb568c8ede69f2b92ef4779d91e1524e2
  CocoaLumberjack: 97fab7ee5f507fe54445cca7ea80f926729cfd15
  Crashlytics: 4391d8df0b125345e9f209c5db6e7f40a6a8435d
  CRToast: eb22641501990233c53cb8f83f7d2ea87e0ddf73
  DeltaCalculator: 97ea120ac2ebcf55e472d7ba872c8bc79c138454
  ElloCerts: 75bad99e881ee0c8160fbd32bf57fd10fd217d8b
  ElloUIFonts: 9c1dddfae6479ade038a0b18009e45b4f7a93eed
  Fabric: 5755268d0171435ab167e3d0878a28a777deaf10
  FBSnapshotTestCase: 918c55861356ee83aee7843d759f55a18ff6982b
  FLAnimatedImage: 4a0b56255d9b05f18b6dd7ee06871be5d3b89e31
  FutureKit: 409baf0c683f4cdd1784b90782f43386ca3749a5
  ImagePickerSheetController: 39ae352f5d93a328e9ed64dca2951de42d0d093b
  iRate: 61e558919c4a7fde63b3c22ebbd6c114a1eee658
  JTSImageViewController: 89ae3c003060c65418fd3224ebbd67acc6046608
  KeychainAccess: c2a71459af5bddf720a51806046a598500976c04
  Keys: 9c35bf00f612ee1d48556f4a4b9b4551e224e90f
  KINWebBrowser: dad85d7d93e6f4620a8589b96992394affffa66e
  MBProgressHUD: 1569cf7ace17a8bac47aabfbb8580a49690386d1
  Moya: 430be684a6a53d5ad8c0b8222c4232d4f1810848
  Nimble: 97a0a4cae5124c117115634b2d055d8c97d0af19
  Nimble-Snapshots: 2da4d2ec829b458d6886c06812c52493fce284c9
  OHHTTPStubs: b393565822317305b87a1440d4c7aff131679f66
  PINCache: ce36ed282031b92fc7733ffe831f474ff80fddc2
  PINRemoteImage: 77a7f7bfacd2b4040786a0e31192a81003fdd41f
  Quick: 13a2a2b19a5d8e3ed4fd0c36ee46597fd77ebf71
  Result: 18e1a7597fbcca5923c565b40a25a98afafdee02
  SnapKit: bbad04cb016c7cead63965f16b00c09318d271ee
  SSPullToRefresh: 369e862c1d6528c7a354fc85cd4763d4e670e9af
  SVGKit: 2afbeaf2c2be4615476951284750c3ddb790d0c7
  SwiftyJSON: 6f102a82daf888b0e39fe71ff12e36605c02babb
  SwiftyUserDefaults: 507da0dcabec653f76ecab845635a6d220c1484a
  TimeAgoInWords: 10f520fe4f41d0e7ae6c550bb394f9b9074b1140
  TRVSDictionaryWithCaseInsensitivity: 51d2ccf52c6d645d27b63467a98fa02c556e01b0
  WebLinking: 3f71787c14a225148e8be29fe6e7c98597cbc459
  YapDatabase: 861c720d5850a59f9e5c0bad0fd95334012b9dc9

PODFILE CHECKSUM: 08a71394a434c21c976e5867b4a0bb9f84517534

COCOAPODS: 1.0.1
