PODS:
  - 1PasswordExtension (1.6.1)
  - Alamofire (4.2.0)
  - Analytics/Core-iOS (2.0.17):
    - TRVSDictionaryWithCaseInsensitivity (= 0.0.2)
  - Analytics/Segmentio (2.0.17):
    - Analytics/Core-iOS
  - CocoaLumberjack (2.4.0):
    - CocoaLumberjack/Default (= 2.4.0)
    - CocoaLumberjack/Extensions (= 2.4.0)
  - CocoaLumberjack/Core (2.4.0)
  - CocoaLumberjack/Default (2.4.0):
    - CocoaLumberjack/Core
  - CocoaLumberjack/Extensions (2.4.0):
    - CocoaLumberjack/Default
  - Crashlytics (3.8.3):
    - Fabric (~> 1.6.3)
  - CRToast (0.0.7)
  - DeltaCalculator (1.0.4)
  - ElloCerts (2.0.0):
    - Alamofire (~> 4.0)
  - ElloUIFonts (2.0.0)
  - Fabric (1.6.11)
  - FBSnapshotTestCase (2.1.4):
    - FBSnapshotTestCase/SwiftSupport (= 2.1.4)
  - FBSnapshotTestCase/Core (2.1.4)
  - FBSnapshotTestCase/SwiftSupport (2.1.4):
    - FBSnapshotTestCase/Core
  - FLAnimatedImage (1.0.12)
  - FutureKit (2.0.0)
  - ImagePickerSheetController (0.9.3)
  - iRate (1.11.7)
  - JTSImageViewController (1.5)
  - JWTDecode (2.0.0)
  - KeychainAccess (3.0.1)
  - Keys (1.0.0)
  - KINWebBrowser (1.1.0)
  - MBProgressHUD (0.9.2)
  - Moya (8.0.0):
    - Moya/Core (= 8.0.0)
  - Moya/Core (8.0.0):
    - Alamofire (~> 4.2.0)
    - Result (~> 3.1.0)
  - Nimble (5.1.1)
  - Nimble-Snapshots (4.4.0):
    - Nimble-Snapshots/Core (= 4.4.0)
  - Nimble-Snapshots/Core (4.4.0):
    - FBSnapshotTestCase (~> 2.0)
    - Nimble
    - Quick
  - PINCache (3.0.1-beta.4):
    - PINCache/Arc-exception-safe (= 3.0.1-beta.4)
    - PINCache/Core (= 3.0.1-beta.4)
  - PINCache/Arc-exception-safe (3.0.1-beta.4):
    - PINCache/Core
  - PINCache/Core (3.0.1-beta.4):
    - PINOperation (= 1.0.3)
  - PINOperation (1.0.3)
  - PINRemoteImage (3.0.0-beta.8):
    - PINRemoteImage/FLAnimatedImage (= 3.0.0-beta.8)
    - PINRemoteImage/PINCache (= 3.0.0-beta.8)
  - PINRemoteImage/Core (3.0.0-beta.8)
  - PINRemoteImage/FLAnimatedImage (3.0.0-beta.8):
    - FLAnimatedImage (>= 1.0)
    - PINRemoteImage/Core
  - PINRemoteImage/PINCache (3.0.0-beta.8):
    - PINCache (= 3.0.1-beta.4)
    - PINRemoteImage/Core
  - Quick (1.1.0)
  - Result (3.1.0)
  - SnapKit (3.1.2)
  - SSPullToRefresh (1.2.4)
  - SVGKit (2.0.1):
    - CocoaLumberjack (~> 2.x)
  - SwiftyJSON (3.1.4)
  - SwiftyUserDefaults (3.0.0)
  - TimeAgoInWords (3.0.0)
  - TRVSDictionaryWithCaseInsensitivity (0.0.2)
  - WebLinking (1.1.0)
  - YapDatabase (2.8.1):
    - YapDatabase/Standard (= 2.8.1)
  - YapDatabase/Standard (2.8.1):
    - YapDatabase/Standard/Core (= 2.8.1)
    - YapDatabase/Standard/Extensions (= 2.8.1)
  - YapDatabase/Standard/Core (2.8.1):
    - CocoaLumberjack (~> 2)
  - YapDatabase/Standard/Extensions (2.8.1):
    - YapDatabase/Standard/Core
    - YapDatabase/Standard/Extensions/CloudKit (= 2.8.1)
    - YapDatabase/Standard/Extensions/ConnectionProxy (= 2.8.1)
    - YapDatabase/Standard/Extensions/FilteredViews (= 2.8.1)
    - YapDatabase/Standard/Extensions/FullTextSearch (= 2.8.1)
    - YapDatabase/Standard/Extensions/Hooks (= 2.8.1)
    - YapDatabase/Standard/Extensions/Relationships (= 2.8.1)
    - YapDatabase/Standard/Extensions/RTreeIndex (= 2.8.1)
    - YapDatabase/Standard/Extensions/SearchResults (= 2.8.1)
    - YapDatabase/Standard/Extensions/SecondaryIndex (= 2.8.1)
    - YapDatabase/Standard/Extensions/SecondaryIndex (= 2.8.1)
    - YapDatabase/Standard/Extensions/Views (= 2.8.1)
  - YapDatabase/Standard/Extensions/CloudKit (2.8.1):
    - YapDatabase/Standard/Core
  - YapDatabase/Standard/Extensions/ConnectionProxy (2.8.1):
    - YapDatabase/Standard/Core
  - YapDatabase/Standard/Extensions/FilteredViews (2.8.1):
    - YapDatabase/Standard/Core
    - YapDatabase/Standard/Extensions/Views
  - YapDatabase/Standard/Extensions/FullTextSearch (2.8.1):
    - YapDatabase/Standard/Core
  - YapDatabase/Standard/Extensions/Hooks (2.8.1):
    - YapDatabase/Standard/Core
  - YapDatabase/Standard/Extensions/Relationships (2.8.1):
    - YapDatabase/Standard/Core
  - YapDatabase/Standard/Extensions/RTreeIndex (2.8.1):
    - YapDatabase/Standard/Core
  - YapDatabase/Standard/Extensions/SearchResults (2.8.1):
    - YapDatabase/Standard/Core
    - YapDatabase/Standard/Extensions/FullTextSearch
    - YapDatabase/Standard/Extensions/Views
  - YapDatabase/Standard/Extensions/SecondaryIndex (2.8.1):
    - YapDatabase/Standard/Core
  - YapDatabase/Standard/Extensions/Views (2.8.1):
    - YapDatabase/Standard/Core

DEPENDENCIES:
  - 1PasswordExtension (from `https://github.com/ello/onepassword-app-extension`)
  - Alamofire (~> 4.0)
  - Analytics/Segmentio
  - Crashlytics (~> 3.4)
  - CRToast (from `https://github.com/ello/CRToast`)
  - DeltaCalculator (from `https://github.com/ello/DeltaCalculator`)
  - ElloCerts (from `git@github.com:ello/Ello-iOS-Certs`)
  - ElloUIFonts (from `git@github.com:ello/ElloUIFonts`)
  - Fabric (~> 1.6)
  - FBSnapshotTestCase
  - FLAnimatedImage (~> 1.0)
  - FutureKit (from `https://github.com/FutureKit/FutureKit`, branch `v3`)
  - ImagePickerSheetController (from `https://github.com/ello/ImagePickerSheetController`, branch `swift3`)
  - iRate (~> 1.11)
  - JTSImageViewController (from `https://github.com/ello/JTSImageViewController`)
  - JWTDecode (~> 2.0)
  - KeychainAccess (~> 3.0)
  - Keys (from `Pods/CocoaPodsKeys`)
  - KINWebBrowser (from `https://github.com/ello/KINWebBrowser`)
  - MBProgressHUD (~> 0.9.0)
  - Moya (~> 8.0.0-beta.6)
  - Nimble (= 5.1.1)
  - Nimble-Snapshots (~> 4.4)
  - PINRemoteImage (= 3.0.0-beta.8)
  - Quick (= 1.1.0)
  - SnapKit (from `https://github.com/ello/SnapKit`)
  - SSPullToRefresh (~> 1.2)
  - SVGKit (from `https://github.com/ello/SVGKit`)
  - SwiftyJSON (~> 3.1)
  - SwiftyUserDefaults (~> 3.0)
  - TimeAgoInWords (from `https://github.com/ello/TimeAgoInWords`)
  - WebLinking (from `https://github.com/kylef/WebLinking.swift`)
  - YapDatabase (= 2.8.1)

EXTERNAL SOURCES:
  1PasswordExtension:
    :git: https://github.com/ello/onepassword-app-extension
  CRToast:
    :git: https://github.com/ello/CRToast
  DeltaCalculator:
    :git: https://github.com/ello/DeltaCalculator
  ElloCerts:
    :git: git@github.com:ello/Ello-iOS-Certs
  ElloUIFonts:
    :git: git@github.com:ello/ElloUIFonts
  FutureKit:
    :branch: v3
    :git: https://github.com/FutureKit/FutureKit
  ImagePickerSheetController:
    :branch: swift3
    :git: https://github.com/ello/ImagePickerSheetController
  JTSImageViewController:
    :git: https://github.com/ello/JTSImageViewController
  Keys:
    :path: Pods/CocoaPodsKeys
  KINWebBrowser:
    :git: https://github.com/ello/KINWebBrowser
  SnapKit:
    :git: https://github.com/ello/SnapKit
  SVGKit:
    :git: https://github.com/ello/SVGKit
  TimeAgoInWords:
    :git: https://github.com/ello/TimeAgoInWords
  WebLinking:
    :git: https://github.com/kylef/WebLinking.swift

CHECKOUT OPTIONS:
  1PasswordExtension:
    :commit: 2e2c2d17561991c6bce85de4b04571c8806adc0e
    :git: https://github.com/ello/onepassword-app-extension
  CRToast:
    :commit: c84bf5ff9ee16b99e45f3bf25bb5db9c386fa728
    :git: https://github.com/ello/CRToast
  DeltaCalculator:
    :commit: d384bca310305e0d000768b558cc128dec0a4aa5
    :git: https://github.com/ello/DeltaCalculator
  ElloCerts:
    :commit: 0fb257526178beb86ef6ce1d4b11bfd08cb3bcf1
    :git: git@github.com:ello/Ello-iOS-Certs
  ElloUIFonts:
    :commit: c0bcfe900cdcc97f7df534657d5ce3b1efeb6a67
    :git: git@github.com:ello/ElloUIFonts
  FutureKit:
    :commit: 43d4f55387e82e3a0892d346fc1a7018a7a5f15c
    :git: https://github.com/FutureKit/FutureKit
  ImagePickerSheetController:
    :commit: 18e8d063a15c9d081d510f82ba25b46edfda7e28
    :git: https://github.com/ello/ImagePickerSheetController
  JTSImageViewController:
    :commit: 4f0a918c38c7606fc5f876774cd3b96701b3f548
    :git: https://github.com/ello/JTSImageViewController
  KINWebBrowser:
    :commit: bcf29fd0beb6afb1c28a236306ad0fa1b8677bf3
    :git: https://github.com/ello/KINWebBrowser
  SnapKit:
    :commit: ab6c1fd91f2f598f34e29fcf8dd2eea5500daac9
    :git: https://github.com/ello/SnapKit
  SVGKit:
    :commit: 6160bbdfd0a8924b5e57b13c462db6a0944c8966
    :git: https://github.com/ello/SVGKit
  TimeAgoInWords:
    :commit: d1e1dc78028612f8c65d6a967c8fab3ffec516c1
    :git: https://github.com/ello/TimeAgoInWords
  WebLinking:
    :commit: fddbacc30deab8afe12ce1d3b78bd27c593a0c29
    :git: https://github.com/kylef/WebLinking.swift

SPEC CHECKSUMS:
  1PasswordExtension: faed6b7ab3f1e26551b08fef580c88bff0d0f247
  Alamofire: aa2e09d871c9160ac53c90e83c68064a94e3dfbe
  Analytics: 51d6163cb568c8ede69f2b92ef4779d91e1524e2
  CocoaLumberjack: aa9dcab71bdf9eaf2a63bbd9ddc87863efe45457
  Crashlytics: 2b6dbe138a42395577cfa73dfa1aa7248cadf39e
  CRToast: eb22641501990233c53cb8f83f7d2ea87e0ddf73
  DeltaCalculator: 97ea120ac2ebcf55e472d7ba872c8bc79c138454
  ElloCerts: f12a2de4456c84010fde1be70e98cff6b06389e1
  ElloUIFonts: 50eada1c661020aa63104ced5055e22aac3d61a5
  Fabric: 5911403591946b8228ab1c51d98f1d7137e863c6
  FBSnapshotTestCase: 094f9f314decbabe373b87cc339bea235a63e07a
  FLAnimatedImage: 4a0b56255d9b05f18b6dd7ee06871be5d3b89e31
  FutureKit: 409baf0c683f4cdd1784b90782f43386ca3749a5
  ImagePickerSheetController: 4789b06940e299431455c61be77fda440883c36c
  iRate: adae3f183d83c925ac42d7a2e86e89e838963f57
  JTSImageViewController: 89ae3c003060c65418fd3224ebbd67acc6046608
  JWTDecode: 178e47e5d28d3abcff778bacced8342858cd6cb5
  KeychainAccess: 017ea25e313a49eda10bb19b0bb0760fb1edfe1a
  Keys: 9c35bf00f612ee1d48556f4a4b9b4551e224e90f
  KINWebBrowser: dad85d7d93e6f4620a8589b96992394affffa66e
  MBProgressHUD: 1569cf7ace17a8bac47aabfbb8580a49690386d1
  Moya: 850a166ab8241bd1c1cea6dbe012e3a2ad62944a
  Nimble: 415e3aa3267e7bc2c96b05fa814ddea7bb686a29
  Nimble-Snapshots: e743439f26c2fa99d8f7e0d7c01c99bcb40aa6f2
  PINCache: a89c8f609232afac77128557bd12c861844423d7
  PINOperation: ac23db44796d4a564ecf9b5ea7163510f579b71d
  PINRemoteImage: c4f9f16932840c597f32e69dd288e10e111a1929
  Quick: dafc587e21eed9f4cab3249b9f9015b0b7a7f71d
  Result: 4e3ed5995ed94d0cd6a09be9a431fce3f3624bbf
  SnapKit: 66bf0e9c5e02fdb6d2a549adb845ab4440d3ccfe
  SSPullToRefresh: 369e862c1d6528c7a354fc85cd4763d4e670e9af
  SVGKit: 2afbeaf2c2be4615476951284750c3ddb790d0c7
  SwiftyJSON: c2842d878f95482ffceec5709abc3d05680c0220
  SwiftyUserDefaults: 0f1d45fc3aafb9064dac661e367f8f83fe21a4b4
  TimeAgoInWords: 85c5f962523d61f7ca34d3b83c70afb28cd257e2
  TRVSDictionaryWithCaseInsensitivity: 51d2ccf52c6d645d27b63467a98fa02c556e01b0
  WebLinking: 3f71787c14a225148e8be29fe6e7c98597cbc459
  YapDatabase: 861c720d5850a59f9e5c0bad0fd95334012b9dc9

PODFILE CHECKSUM: affcf63a5305ce73834a187c383f270f8e5d1ec5

COCOAPODS: 1.1.1
